
Microsoft Visual Studio Solution File, Format Version 12.00
# Visual Studio Version 17
VisualStudioVersion = 17.2.32210.308
MinimumVisualStudioVersion = 10.0.40219.1
Project("{9A19103F-16F7-4668-BE54-9A1E7A4F7556}") = "Server", "Server\Server.csproj", "{D4015051-2235-46D5-9E02-07B31D9CCC19}"
EndProject
Project("{9A19103F-16F7-4668-BE54-9A1E7A4F7556}") = "Client", "Client\Client.csproj", "{87D3A368-F85C-4462-B23D-485F418DFBD9}"
EndProject
Project("{9A19103F-16F7-4668-BE54-9A1E7A4F7556}") = "Api", "Api\Api.csproj", "{121A5A18-982D-43A0-8E14-8FD036796AEC}"
EndProject
Project("{2150E333-8FDC-42A3-9474-1A3956D46DE8}") = "OAuth", "OAuth", "{BF718FDE-0049-4835-8675-131704418856}"
EndProject
Project("{2150E333-8FDC-42A3-9474-1A3956D46DE8}") = "IdentityServer4", "IdentityServer4", "{D7C91855-3C66-4C58-A8D7-FADCA15CFD59}"
EndProject
Project("{9A19103F-16F7-4668-BE54-9A1E7A4F7556}") = "IdentityServer", "IdentityServer\IdentityServer.csproj", "{8AB919FA-A301-4E5D-98AB-D07310704905}"
EndProject
Project("{9A19103F-16F7-4668-BE54-9A1E7A4F7556}") = "ApiOne", "ApiOne\ApiOne.csproj", "{B30BF8A3-1433-4B2E-B798-B4DBC07D9F1D}"
EndProject
Project("{9A19103F-16F7-4668-BE54-9A1E7A4F7556}") = "ApiTwo", "ApiTwo\ApiTwo.csproj", "{99F7C518-0339-47A5-8DB1-30DA7B708DAC}"
EndProject
Project("{FAE04EC0-301F-11D3-BF4B-00C04F79EFBC}") = "MvcClient", "MvcClient\MvcClient.csproj", "{8C33A271-80B3-4E8C-91E9-E35453A5562C}"
EndProject
Global
	GlobalSection(SolutionConfigurationPlatforms) = preSolution
		Debug|Any CPU = Debug|Any CPU
		Release|Any CPU = Release|Any CPU
	EndGlobalSection
	GlobalSection(ProjectConfigurationPlatforms) = postSolution
		{D4015051-2235-46D5-9E02-07B31D9CCC19}.Debug|Any CPU.ActiveCfg = Debug|Any CPU
		{D4015051-2235-46D5-9E02-07B31D9CCC19}.Debug|Any CPU.Build.0 = Debug|Any CPU
		{D4015051-2235-46D5-9E02-07B31D9CCC19}.Release|Any CPU.ActiveCfg = Release|Any CPU
		{D4015051-2235-46D5-9E02-07B31D9CCC19}.Release|Any CPU.Build.0 = Release|Any CPU
		{87D3A368-F85C-4462-B23D-485F418DFBD9}.Debug|Any CPU.ActiveCfg = Debug|Any CPU
		{87D3A368-F85C-4462-B23D-485F418DFBD9}.Debug|Any CPU.Build.0 = Debug|Any CPU
		{87D3A368-F85C-4462-B23D-485F418DFBD9}.Release|Any CPU.ActiveCfg = Release|Any CPU
		{87D3A368-F85C-4462-B23D-485F418DFBD9}.Release|Any CPU.Build.0 = Release|Any CPU
		{121A5A18-982D-43A0-8E14-8FD036796AEC}.Debug|Any CPU.ActiveCfg = Debug|Any CPU
		{121A5A18-982D-43A0-8E14-8FD036796AEC}.Debug|Any CPU.Build.0 = Debug|Any CPU
		{121A5A18-982D-43A0-8E14-8FD036796AEC}.Release|Any CPU.ActiveCfg = Release|Any CPU
		{121A5A18-982D-43A0-8E14-8FD036796AEC}.Release|Any CPU.Build.0 = Release|Any CPU
		{8AB919FA-A301-4E5D-98AB-D07310704905}.Debug|Any CPU.ActiveCfg = Debug|Any CPU
		{8AB919FA-A301-4E5D-98AB-D07310704905}.Debug|Any CPU.Build.0 = Debug|Any CPU
		{8AB919FA-A301-4E5D-98AB-D07310704905}.Release|Any CPU.ActiveCfg = Release|Any CPU
		{8AB919FA-A301-4E5D-98AB-D07310704905}.Release|Any CPU.Build.0 = Release|Any CPU
		{B30BF8A3-1433-4B2E-B798-B4DBC07D9F1D}.Debug|Any CPU.ActiveCfg = Debug|Any CPU
		{B30BF8A3-1433-4B2E-B798-B4DBC07D9F1D}.Debug|Any CPU.Build.0 = Debug|Any CPU
		{B30BF8A3-1433-4B2E-B798-B4DBC07D9F1D}.Release|Any CPU.ActiveCfg = Release|Any CPU
		{B30BF8A3-1433-4B2E-B798-B4DBC07D9F1D}.Release|Any CPU.Build.0 = Release|Any CPU
		{99F7C518-0339-47A5-8DB1-30DA7B708DAC}.Debug|Any CPU.ActiveCfg = Debug|Any CPU
		{99F7C518-0339-47A5-8DB1-30DA7B708DAC}.Debug|Any CPU.Build.0 = Debug|Any CPU
		{99F7C518-0339-47A5-8DB1-30DA7B708DAC}.Release|Any CPU.ActiveCfg = Release|Any CPU
		{99F7C518-0339-47A5-8DB1-30DA7B708DAC}.Release|Any CPU.Build.0 = Release|Any CPU
		{8C33A271-80B3-4E8C-91E9-E35453A5562C}.Debug|Any CPU.ActiveCfg = Debug|Any CPU
		{8C33A271-80B3-4E8C-91E9-E35453A5562C}.Debug|Any CPU.Build.0 = Debug|Any CPU
		{8C33A271-80B3-4E8C-91E9-E35453A5562C}.Release|Any CPU.ActiveCfg = Release|Any CPU
		{8C33A271-80B3-4E8C-91E9-E35453A5562C}.Release|Any CPU.Build.0 = Release|Any CPU
	EndGlobalSection
	GlobalSection(SolutionProperties) = preSolution
		HideSolutionNode = FALSE
	EndGlobalSection
	GlobalSection(NestedProjects) = preSolution
		{D4015051-2235-46D5-9E02-07B31D9CCC19} = {BF718FDE-0049-4835-8675-131704418856}
		{87D3A368-F85C-4462-B23D-485F418DFBD9} = {BF718FDE-0049-4835-8675-131704418856}
		{121A5A18-982D-43A0-8E14-8FD036796AEC} = {BF718FDE-0049-4835-8675-131704418856}
		{8AB919FA-A301-4E5D-98AB-D07310704905} = {D7C91855-3C66-4C58-A8D7-FADCA15CFD59}
		{B30BF8A3-1433-4B2E-B798-B4DBC07D9F1D} = {D7C91855-3C66-4C58-A8D7-FADCA15CFD59}
		{99F7C518-0339-47A5-8DB1-30DA7B708DAC} = {D7C91855-3C66-4C58-A8D7-FADCA15CFD59}
		{8C33A271-80B3-4E8C-91E9-E35453A5562C} = {D7C91855-3C66-4C58-A8D7-FADCA15CFD59}
	EndGlobalSection
	GlobalSection(ExtensibilityGlobals) = postSolution
		SolutionGuid = {05CC6D5F-3EEE-4F9A-AE09-24B5884AC4A1}
	EndGlobalSection
EndGlobal
